
Microsoft Visual Studio Solution File, Format Version 12.00
# Visual Studio Version 16
VisualStudioVersion = 16.0.29025.244
MinimumVisualStudioVersion = 10.0.40219.1
Project("{8BC9CEB8-8B4A-11D0-8D11-00A0C91BC942}") = "Remind_Me", "Remind_Me.vcxproj", "{F1093A07-21A0-4112-B7E5-53642142B7D6}"
EndProject
Global
	GlobalSection(SolutionConfigurationPlatforms) = preSolution
		Debug|x64 = Debug|x64
		Debug|x86 = Debug|x86
		Release|x64 = Release|x64
		Release|x86 = Release|x86
	EndGlobalSection
	GlobalSection(ProjectConfigurationPlatforms) = postSolution
		{F1093A07-21A0-4112-B7E5-53642142B7D6}.Debug|x64.ActiveCfg = Debug|x64
		{F1093A07-21A0-4112-B7E5-53642142B7D6}.Debug|x64.Build.0 = Debug|x64
		{F1093A07-21A0-4112-B7E5-53642142B7D6}.Debug|x86.ActiveCfg = Debug|Win32
		{F1093A07-21A0-4112-B7E5-53642142B7D6}.Debug|x86.Build.0 = Debug|Win32
		{F1093A07-21A0-4112-B7E5-53642142B7D6}.Release|x64.ActiveCfg = Release|x64
		{F1093A07-21A0-4112-B7E5-53642142B7D6}.Release|x64.Build.0 = Release|x64
		{F1093A07-21A0-4112-B7E5-53642142B7D6}.Release|x86.ActiveCfg = Release|Win32
		{F1093A07-21A0-4112-B7E5-53642142B7D6}.Release|x86.Build.0 = Release|Win32
	EndGlobalSection
	GlobalSection(SolutionProperties) = preSolution
		HideSolutionNode = FALSE
	EndGlobalSection
	GlobalSection(ExtensibilityGlobals) = postSolution
		SolutionGuid = {F265E4B7-1583-4CC6-8D52-C380F50C9DDC}
	EndGlobalSection
EndGlobal
